
Microsoft Visual Studio Solution File, Format Version 12.00
# Visual Studio 2013
VisualStudioVersion = 12.0.40629.0
MinimumVisualStudioVersion = 10.0.40219.1
Project("{FAE04EC0-301F-11D3-BF4B-00C04F79EFBC}") = "JediMeditationSolution", "JediMeditationSolution\JediMeditationSolution.csproj", "{F5147A73-8EB2-4085-BD52-F5B5B6B31808}"
EndProject
Global
	GlobalSection(SolutionConfigurationPlatforms) = preSolution
		Debug|Any CPU = Debug|Any CPU
		Release|Any CPU = Release|Any CPU
	EndGlobalSection
	GlobalSection(ProjectConfigurationPlatforms) = postSolution
		{F5147A73-8EB2-4085-BD52-F5B5B6B31808}.Debug|Any CPU.ActiveCfg = Debug|Any CPU
		{F5147A73-8EB2-4085-BD52-F5B5B6B31808}.Debug|Any CPU.Build.0 = Debug|Any CPU
		{F5147A73-8EB2-4085-BD52-F5B5B6B31808}.Release|Any CPU.ActiveCfg = Release|Any CPU
		{F5147A73-8EB2-4085-BD52-F5B5B6B31808}.Release|Any CPU.Build.0 = Release|Any CPU
	EndGlobalSection
	GlobalSection(SolutionProperties) = preSolution
		HideSolutionNode = FALSE
	EndGlobalSection
EndGlobal
