
Microsoft Visual Studio Solution File, Format Version 12.00
# Visual Studio 2013
VisualStudioVersion = 12.0.40629.0
MinimumVisualStudioVersion = 10.0.40219.1
Project("{FAE04EC0-301F-11D3-BF4B-00C04F79EFBC}") = "MatrixSolutionFibonacci", "MatrixSolutionFibonacci\MatrixSolutionFibonacci.csproj", "{7784292D-6B60-40AF-A766-16205D368234}"
EndProject
Project("{FAE04EC0-301F-11D3-BF4B-00C04F79EFBC}") = "Stools", "Stools\Stools.csproj", "{30818231-3FD4-4AFE-B318-F2FF7910D0AA}"
EndProject
Project("{FAE04EC0-301F-11D3-BF4B-00C04F79EFBC}") = "OnlineStore", "OnlineStore\OnlineStore.csproj", "{B7A8484D-CC1F-41C6-BD8F-CA659802377C}"
EndProject
Global
	GlobalSection(SolutionConfigurationPlatforms) = preSolution
		Debug|Any CPU = Debug|Any CPU
		Release|Any CPU = Release|Any CPU
	EndGlobalSection
	GlobalSection(ProjectConfigurationPlatforms) = postSolution
		{7784292D-6B60-40AF-A766-16205D368234}.Debug|Any CPU.ActiveCfg = Debug|Any CPU
		{7784292D-6B60-40AF-A766-16205D368234}.Debug|Any CPU.Build.0 = Debug|Any CPU
		{7784292D-6B60-40AF-A766-16205D368234}.Release|Any CPU.ActiveCfg = Release|Any CPU
		{7784292D-6B60-40AF-A766-16205D368234}.Release|Any CPU.Build.0 = Release|Any CPU
		{30818231-3FD4-4AFE-B318-F2FF7910D0AA}.Debug|Any CPU.ActiveCfg = Debug|Any CPU
		{30818231-3FD4-4AFE-B318-F2FF7910D0AA}.Debug|Any CPU.Build.0 = Debug|Any CPU
		{30818231-3FD4-4AFE-B318-F2FF7910D0AA}.Release|Any CPU.ActiveCfg = Release|Any CPU
		{30818231-3FD4-4AFE-B318-F2FF7910D0AA}.Release|Any CPU.Build.0 = Release|Any CPU
		{B7A8484D-CC1F-41C6-BD8F-CA659802377C}.Debug|Any CPU.ActiveCfg = Debug|Any CPU
		{B7A8484D-CC1F-41C6-BD8F-CA659802377C}.Debug|Any CPU.Build.0 = Debug|Any CPU
		{B7A8484D-CC1F-41C6-BD8F-CA659802377C}.Release|Any CPU.ActiveCfg = Release|Any CPU
		{B7A8484D-CC1F-41C6-BD8F-CA659802377C}.Release|Any CPU.Build.0 = Release|Any CPU
	EndGlobalSection
	GlobalSection(SolutionProperties) = preSolution
		HideSolutionNode = FALSE
	EndGlobalSection
EndGlobal
